{
  "name": "js_twitter_likes_downloader",
  "version": "1.0.0",
  "lockfileVersion": 2,
  "requires": true,
  "packages": {
    "": { 
      "name": "js_twitter_likes_downloader",
      "version": "1.0.0",
      "license": "ISC",
      "dependencies": {
        "axios": "^0.26.1",
        "big-integer": "^1.6.51",
        "colors": "^1.4.0",
        "config": "^3.3.7",
        "dotenv": "^16.0.0",
        "fs": "^0.0.1-security",
        "node-cron": "^3.0.0",
        "path": "^0.12.7",
        "twitter-api-sdk": "^1.0.3",
        "twitter-lite": "^1.1.0"
      }
    },
    "node_modules/axios": {
      "version": "0.26.1",
      "resolved": "https://registry.npmjs.org/axios/-/axios-0.26.1.tgz",
      "integrity": "sha512-fPwcX4EvnSHuInCMItEhAGnaSEXRBjtzh9fOtsE6E1G6p7vl7edEeZe11QHf18+6+9gR5PbKV/sGKNaD8YaMeA==",
      "dependencies": {
        "follow-redirects": "^1.14.8"
      }
    },
    "node_modules/big-integer": {
      "version": "1.6.51",
      "resolved": "https://registry.npmjs.org/big-integer/-/big-integer-1.6.51.tgz",
      "integrity": "sha512-GPEid2Y9QU1Exl1rpO9B2IPJGHPSupF5GnVIP0blYvNOMer2bTvSWs1jGOUg04hTmu67nmLsQ9TBo1puaotBHg==",
      "engines": {
        "node": ">=0.6"
      }
    },
    "node_modules/colors": {
      "version": "1.4.0",
      "resolved": "https://registry.npmjs.org/colors/-/colors-1.4.0.tgz",
      "integrity": "sha512-a+UqTh4kgZg/SlGvfbzDHpgRu7AAQOmmqRHJnxhRZICKFUT91brVhNNt58CMWU9PsBbv3PDCZUHbVxuDiH2mtA==",
      "engines": {
        "node": ">=0.1.90"
      }
    },
    "node_modules/config": {
      "version": "3.3.7",
      "resolved": "https://registry.npmjs.org/config/-/config-3.3.7.tgz",
      "integrity": "sha512-mX/n7GKDYZMqvvkY6e6oBY49W8wxdmQt+ho/5lhwFDXqQW9gI+Ahp8EKp8VAbISPnmf2+Bv5uZK7lKXZ6pf1aA==",
      "dependencies": {
        "json5": "^2.1.1"
      },
      "engines": {
        "node": ">= 10.0.0"
      }
    },
    "node_modules/cross-fetch": {
      "version": "3.1.5",
      "resolved": "https://registry.npmjs.org/cross-fetch/-/cross-fetch-3.1.5.tgz",
      "integrity": "sha512-lvb1SBsI0Z7GDwmuid+mU3kWVBwTVUbe7S0H52yaaAdQOXq2YktTCZdlAcNKFzE6QtRz0snpw9bNiPeOIkkQvw==",
      "dependencies": {
        "node-fetch": "2.6.7"
      }
    },
    "node_modules/dotenv": {
      "version": "16.0.0",
      "resolved": "https://registry.npmjs.org/dotenv/-/dotenv-16.0.0.tgz",
      "integrity": "sha512-qD9WU0MPM4SWLPJy/r2Be+2WgQj8plChsyrCNQzW/0WjvcJQiKQJ9mH3ZgB3fxbUUxgc/11ZJ0Fi5KiimWGz2Q==",
      "engines": {
        "node": ">=12"
      }
    },
    "node_modules/follow-redirects": {
      "version": "1.14.9",
      "resolved": "https://registry.npmjs.org/follow-redirects/-/follow-redirects-1.14.9.tgz",
      "integrity": "sha512-MQDfihBQYMcyy5dhRDJUHcw7lb2Pv/TuE6xP1vyraLukNDHKbDxDNaOE3NbCAdKQApno+GPRyo1YAp89yCjK4w==",
      "funding": [
        {
          "type": "individual",
          "url": "https://github.com/sponsors/RubenVerborgh"
        }
      ],
      "engines": {
        "node": ">=4.0"
      },
      "peerDependenciesMeta": {
        "debug": {
          "optional": true
        }
      }
    },
    "node_modules/fs": {
      "version": "0.0.1-security",
      "resolved": "https://registry.npmjs.org/fs/-/fs-0.0.1-security.tgz",
      "integrity": "sha1-invTcYa23d84E/I4WLV+yq9eQdQ="
    },
    "node_modules/inherits": {
      "version": "2.0.3",
      "resolved": "https://registry.npmjs.org/inherits/-/inherits-2.0.3.tgz",
      "integrity": "sha1-Yzwsg+PaQqUC9SRmAiSA9CCCYd4="
    },
    "node_modules/json5": {
      "version": "2.2.1",
      "resolved": "https://registry.npmjs.org/json5/-/json5-2.2.1.tgz",
      "integrity": "sha512-1hqLFMSrGHRHxav9q9gNjJ5EXznIxGVO09xQRrwplcS8qs28pZ8s8hupZAmqDwZUmVZ2Qb2jnyPOWcDH8m8dlA==",
      "bin": {
        "json5": "lib/cli.js"
      },
      "engines": {
        "node": ">=6"
      }
    },
    "node_modules/moment": {
      "version": "2.29.2",
      "resolved": "https://registry.npmjs.org/moment/-/moment-2.29.2.tgz",
      "integrity": "sha512-UgzG4rvxYpN15jgCmVJwac49h9ly9NurikMWGPdVxm8GZD6XjkKPxDTjQQ43gtGgnV3X0cAyWDdP2Wexoquifg==",
      "engines": {
        "node": "*"
      }
    },
    "node_modules/moment-timezone": {
      "version": "0.5.34",
      "resolved": "https://registry.npmjs.org/moment-timezone/-/moment-timezone-0.5.34.tgz",
      "integrity": "sha512-3zAEHh2hKUs3EXLESx/wsgw6IQdusOT8Bxm3D9UrHPQR7zlMmzwybC8zHEM1tQ4LJwP7fcxrWr8tuBg05fFCbg==",
      "dependencies": {
        "moment": ">= 2.9.0"
      },
      "engines": {
        "node": "*"
      }
    },
    "node_modules/node-cron": {
      "version": "3.0.0",
      "resolved": "https://registry.npmjs.org/node-cron/-/node-cron-3.0.0.tgz",
      "integrity": "sha512-DDwIvvuCwrNiaU7HEivFDULcaQualDv7KoNlB/UU1wPW0n1tDEmBJKhEIE6DlF2FuoOHcNbLJ8ITL2Iv/3AWmA==",
      "dependencies": {
        "moment-timezone": "^0.5.31"
      },
      "engines": {
        "node": ">=6.0.0"
      }
    },
    "node_modules/node-fetch": {
      "version": "2.6.7",
      "resolved": "https://registry.npmjs.org/node-fetch/-/node-fetch-2.6.7.tgz",
      "integrity": "sha512-ZjMPFEfVx5j+y2yF35Kzx5sF7kDzxuDj6ziH4FFbOp87zKDZNx8yExJIb05OGF4Nlt9IHFIMBkRl41VdvcNdbQ==",
      "dependencies": {
        "whatwg-url": "^5.0.0"
      },
      "engines": {
        "node": "4.x || >=6.0.0"
      },
      "peerDependencies": {
        "encoding": "^0.1.0"
      },
      "peerDependenciesMeta": {
        "encoding": {
          "optional": true
        }
      }
    },
    "node_modules/oauth-1.0a": {
      "version": "2.2.6",
      "resolved": "https://registry.npmjs.org/oauth-1.0a/-/oauth-1.0a-2.2.6.tgz",
      "integrity": "sha512-6bkxv3N4Gu5lty4viIcIAnq5GbxECviMBeKR3WX/q87SPQ8E8aursPZUtsXDnxCs787af09WPRBLqYrf/lwoYQ=="
    },
    "node_modules/path": {
      "version": "0.12.7",
      "resolved": "https://registry.npmjs.org/path/-/path-0.12.7.tgz",
      "integrity": "sha1-1NwqUGxM4hl+tIHr/NWzbAFAsQ8=",
      "dependencies": {
        "process": "^0.11.1",
        "util": "^0.10.3"
      }
    },
    "node_modules/process": {
      "version": "0.11.10",
      "resolved": "https://registry.npmjs.org/process/-/process-0.11.10.tgz",
      "integrity": "sha1-czIwDoQBYb2j5podHZGn1LwW8YI=",
      "engines": {
        "node": ">= 0.6.0"
      }
    },
    "node_modules/tr46": {
      "version": "0.0.3",
      "resolved": "https://registry.npmjs.org/tr46/-/tr46-0.0.3.tgz",
      "integrity": "sha1-gYT9NH2snNwYWZLzpmIuFLnZq2o="
    },
    "node_modules/twitter-api-sdk": {
      "version": "1.0.3",
      "resolved": "https://registry.npmjs.org/twitter-api-sdk/-/twitter-api-sdk-1.0.3.tgz",
      "integrity": "sha512-82tGMkg8ova+EpQ8sc5iEBlu5YZxKWtGz3I2pP99+NzTr28K6BQvUj3kdg0M+lU6+HiPpoX6v5N/4ikGQorQlg==",
      "dependencies": {
        "node-fetch": "^2.6.1"
      },
      "engines": {
        "node": ">=14"
      }
    },
    "node_modules/twitter-lite": {
      "version": "1.1.0",
      "resolved": "https://registry.npmjs.org/twitter-lite/-/twitter-lite-1.1.0.tgz",
      "integrity": "sha512-v37I0zyYXjn3/zdm/ii+1RiBFZ2SCB3wLl1N5nfW8TUqoNDYBR66oXBFbQavKEvjg5WqcTUzNhAhe6FkgylPsw==",
      "dependencies": {
        "cross-fetch": "^3.0.0",
        "oauth-1.0a": "^2.2.4"
      }
    },
    "node_modules/util": {
      "version": "0.10.4",
      "resolved": "https://registry.npmjs.org/util/-/util-0.10.4.tgz",
      "integrity": "sha512-0Pm9hTQ3se5ll1XihRic3FDIku70C+iHUdT/W926rSgHV5QgXsYbKZN8MSC3tJtSkhuROzvsQjAaFENRXr+19A==",
      "dependencies": {
        "inherits": "2.0.3"
      }
    },
    "node_modules/webidl-conversions": {
      "version": "3.0.1",
      "resolved": "https://registry.npmjs.org/webidl-conversions/-/webidl-conversions-3.0.1.tgz",
      "integrity": "sha1-JFNCdeKnvGvnvIZhHMFq4KVlSHE="
    },
    "node_modules/whatwg-url": {
      "version": "5.0.0",
      "resolved": "https://registry.npmjs.org/whatwg-url/-/whatwg-url-5.0.0.tgz",
      "integrity": "sha1-lmRU6HZUYuN2RNNib2dCzotwll0=",
      "dependencies": {
        "tr46": "~0.0.3",
        "webidl-conversions": "^3.0.0"
      }
    }
  },
  "dependencies": {
    "axios": {
      "version": "0.26.1",
      "resolved": "https://registry.npmjs.org/axios/-/axios-0.26.1.tgz",
      "integrity": "sha512-fPwcX4EvnSHuInCMItEhAGnaSEXRBjtzh9fOtsE6E1G6p7vl7edEeZe11QHf18+6+9gR5PbKV/sGKNaD8YaMeA==",
      "requires": {
        "follow-redirects": "^1.14.8"
      }
    },
    "big-integer": {
      "version": "1.6.51",
      "resolved": "https://registry.npmjs.org/big-integer/-/big-integer-1.6.51.tgz",
      "integrity": "sha512-GPEid2Y9QU1Exl1rpO9B2IPJGHPSupF5GnVIP0blYvNOMer2bTvSWs1jGOUg04hTmu67nmLsQ9TBo1puaotBHg=="
    },
    "colors": {
      "version": "1.4.0",
      "resolved": "https://registry.npmjs.org/colors/-/colors-1.4.0.tgz",
      "integrity": "sha512-a+UqTh4kgZg/SlGvfbzDHpgRu7AAQOmmqRHJnxhRZICKFUT91brVhNNt58CMWU9PsBbv3PDCZUHbVxuDiH2mtA=="
    },
    "config": {
      "version": "3.3.7",
      "resolved": "https://registry.npmjs.org/config/-/config-3.3.7.tgz",
      "integrity": "sha512-mX/n7GKDYZMqvvkY6e6oBY49W8wxdmQt+ho/5lhwFDXqQW9gI+Ahp8EKp8VAbISPnmf2+Bv5uZK7lKXZ6pf1aA==",
      "requires": {
        "json5": "^2.1.1"
      }
    },
    "cross-fetch": {
      "version": "3.1.5",
      "resolved": "https://registry.npmjs.org/cross-fetch/-/cross-fetch-3.1.5.tgz",
      "integrity": "sha512-lvb1SBsI0Z7GDwmuid+mU3kWVBwTVUbe7S0H52yaaAdQOXq2YktTCZdlAcNKFzE6QtRz0snpw9bNiPeOIkkQvw==",
      "requires": {
        "node-fetch": "2.6.7"
      }
    },
    "dotenv": {
      "version": "16.0.0",
      "resolved": "https://registry.npmjs.org/dotenv/-/dotenv-16.0.0.tgz",
      "integrity": "sha512-qD9WU0MPM4SWLPJy/r2Be+2WgQj8plChsyrCNQzW/0WjvcJQiKQJ9mH3ZgB3fxbUUxgc/11ZJ0Fi5KiimWGz2Q=="
    },
    "follow-redirects": {
      "version": "1.14.9",
      "resolved": "https://registry.npmjs.org/follow-redirects/-/follow-redirects-1.14.9.tgz",
      "integrity": "sha512-MQDfihBQYMcyy5dhRDJUHcw7lb2Pv/TuE6xP1vyraLukNDHKbDxDNaOE3NbCAdKQApno+GPRyo1YAp89yCjK4w=="
    },
    "fs": {
      "version": "0.0.1-security",
      "resolved": "https://registry.npmjs.org/fs/-/fs-0.0.1-security.tgz",
      "integrity": "sha1-invTcYa23d84E/I4WLV+yq9eQdQ="
    },
    "inherits": {
      "version": "2.0.3",
      "resolved": "https://registry.npmjs.org/inherits/-/inherits-2.0.3.tgz",
      "integrity": "sha1-Yzwsg+PaQqUC9SRmAiSA9CCCYd4="
    },
    "json5": {
      "version": "2.2.1",
      "resolved": "https://registry.npmjs.org/json5/-/json5-2.2.1.tgz",
      "integrity": "sha512-1hqLFMSrGHRHxav9q9gNjJ5EXznIxGVO09xQRrwplcS8qs28pZ8s8hupZAmqDwZUmVZ2Qb2jnyPOWcDH8m8dlA=="
    },
    "moment": {
      "version": "2.29.2",
      "resolved": "https://registry.npmjs.org/moment/-/moment-2.29.2.tgz",
      "integrity": "sha512-UgzG4rvxYpN15jgCmVJwac49h9ly9NurikMWGPdVxm8GZD6XjkKPxDTjQQ43gtGgnV3X0cAyWDdP2Wexoquifg=="
    },
    "moment-timezone": {
      "version": "0.5.34",
      "resolved": "https://registry.npmjs.org/moment-timezone/-/moment-timezone-0.5.34.tgz",
      "integrity": "sha512-3zAEHh2hKUs3EXLESx/wsgw6IQdusOT8Bxm3D9UrHPQR7zlMmzwybC8zHEM1tQ4LJwP7fcxrWr8tuBg05fFCbg==",
      "requires": {
        "moment": ">= 2.9.0"
      }
    },
    "node-cron": {
      "version": "3.0.0",
      "resolved": "https://registry.npmjs.org/node-cron/-/node-cron-3.0.0.tgz",
      "integrity": "sha512-DDwIvvuCwrNiaU7HEivFDULcaQualDv7KoNlB/UU1wPW0n1tDEmBJKhEIE6DlF2FuoOHcNbLJ8ITL2Iv/3AWmA==",
      "requires": {
        "moment-timezone": "^0.5.31"
      }
    },
    "node-fetch": {
      "version": "2.6.7",
      "resolved": "https://registry.npmjs.org/node-fetch/-/node-fetch-2.6.7.tgz",
      "integrity": "sha512-ZjMPFEfVx5j+y2yF35Kzx5sF7kDzxuDj6ziH4FFbOp87zKDZNx8yExJIb05OGF4Nlt9IHFIMBkRl41VdvcNdbQ==",
      "requires": {
        "whatwg-url": "^5.0.0"
      }
    },
    "oauth-1.0a": {
      "version": "2.2.6",
      "resolved": "https://registry.npmjs.org/oauth-1.0a/-/oauth-1.0a-2.2.6.tgz",
      "integrity": "sha512-6bkxv3N4Gu5lty4viIcIAnq5GbxECviMBeKR3WX/q87SPQ8E8aursPZUtsXDnxCs787af09WPRBLqYrf/lwoYQ=="
    },
    "path": {
      "version": "0.12.7",
      "resolved": "https://registry.npmjs.org/path/-/path-0.12.7.tgz",
      "integrity": "sha1-1NwqUGxM4hl+tIHr/NWzbAFAsQ8=",
      "requires": {
        "process": "^0.11.1",
        "util": "^0.10.3"
      }
    },
    "process": {
      "version": "0.11.10",
      "resolved": "https://registry.npmjs.org/process/-/process-0.11.10.tgz",
      "integrity": "sha1-czIwDoQBYb2j5podHZGn1LwW8YI="
    },
    "tr46": {
      "version": "0.0.3",
      "resolved": "https://registry.npmjs.org/tr46/-/tr46-0.0.3.tgz",
      "integrity": "sha1-gYT9NH2snNwYWZLzpmIuFLnZq2o="
    },
    "twitter-api-sdk": {
      "version": "1.0.3",
      "resolved": "https://registry.npmjs.org/twitter-api-sdk/-/twitter-api-sdk-1.0.3.tgz",
      "integrity": "sha512-82tGMkg8ova+EpQ8sc5iEBlu5YZxKWtGz3I2pP99+NzTr28K6BQvUj3kdg0M+lU6+HiPpoX6v5N/4ikGQorQlg==",
      "requires": {
        "node-fetch": "^2.6.1"
      }
    },
    "twitter-lite": {
      "version": "1.1.0",
      "resolved": "https://registry.npmjs.org/twitter-lite/-/twitter-lite-1.1.0.tgz",
      "integrity": "sha512-v37I0zyYXjn3/zdm/ii+1RiBFZ2SCB3wLl1N5nfW8TUqoNDYBR66oXBFbQavKEvjg5WqcTUzNhAhe6FkgylPsw==",
      "requires": {
        "cross-fetch": "^3.0.0",
        "oauth-1.0a": "^2.2.4"
      }
    },
    "util": {
      "version": "0.10.4",
      "resolved": "https://registry.npmjs.org/util/-/util-0.10.4.tgz",
      "integrity": "sha512-0Pm9hTQ3se5ll1XihRic3FDIku70C+iHUdT/W926rSgHV5QgXsYbKZN8MSC3tJtSkhuROzvsQjAaFENRXr+19A==",
      "requires": {
        "inherits": "2.0.3"
      }
    },
    "webidl-conversions": {
      "version": "3.0.1",
      "resolved": "https://registry.npmjs.org/webidl-conversions/-/webidl-conversions-3.0.1.tgz",
      "integrity": "sha1-JFNCdeKnvGvnvIZhHMFq4KVlSHE="
    },
    "whatwg-url": {
      "version": "5.0.0",
      "resolved": "https://registry.npmjs.org/whatwg-url/-/whatwg-url-5.0.0.tgz",
      "integrity": "sha1-lmRU6HZUYuN2RNNib2dCzotwll0=",
      "requires": {
        "tr46": "~0.0.3",
        "webidl-conversions": "^3.0.0"
      }
    }
  }
}
